
Microsoft Visual Studio Solution File, Format Version 12.00
# Visual Studio 15
VisualStudioVersion = 15.0.26124.0
MinimumVisualStudioVersion = 15.0.26124.0
Project("{FAE04EC0-301F-11D3-BF4B-00C04F79EFBC}") = "ElasticFinderConsoleApp", "ElasticFinderConsoleApp\ElasticFinderConsoleApp.csproj", "{537D6FE4-A041-4806-A328-6823CA9ED554}"
EndProject
Project("{FAE04EC0-301F-11D3-BF4B-00C04F79EFBC}") = "InvertedIndexEngine", "InvertedIndexEngine\InvertedIndexEngine.csproj", "{01FF64E5-8AC0-41A3-B259-A7D809258871}"
EndProject
Global
	GlobalSection(SolutionConfigurationPlatforms) = preSolution
		Debug|Any CPU = Debug|Any CPU
		Debug|x64 = Debug|x64
		Debug|x86 = Debug|x86
		Release|Any CPU = Release|Any CPU
		Release|x64 = Release|x64
		Release|x86 = Release|x86
	EndGlobalSection
	GlobalSection(SolutionProperties) = preSolution
		HideSolutionNode = FALSE
	EndGlobalSection
	GlobalSection(ProjectConfigurationPlatforms) = postSolution
		{537D6FE4-A041-4806-A328-6823CA9ED554}.Debug|Any CPU.ActiveCfg = Debug|Any CPU
		{537D6FE4-A041-4806-A328-6823CA9ED554}.Debug|Any CPU.Build.0 = Debug|Any CPU
		{537D6FE4-A041-4806-A328-6823CA9ED554}.Debug|x64.ActiveCfg = Debug|Any CPU
		{537D6FE4-A041-4806-A328-6823CA9ED554}.Debug|x64.Build.0 = Debug|Any CPU
		{537D6FE4-A041-4806-A328-6823CA9ED554}.Debug|x86.ActiveCfg = Debug|Any CPU
		{537D6FE4-A041-4806-A328-6823CA9ED554}.Debug|x86.Build.0 = Debug|Any CPU
		{537D6FE4-A041-4806-A328-6823CA9ED554}.Release|Any CPU.ActiveCfg = Release|Any CPU
		{537D6FE4-A041-4806-A328-6823CA9ED554}.Release|Any CPU.Build.0 = Release|Any CPU
		{537D6FE4-A041-4806-A328-6823CA9ED554}.Release|x64.ActiveCfg = Release|Any CPU
		{537D6FE4-A041-4806-A328-6823CA9ED554}.Release|x64.Build.0 = Release|Any CPU
		{537D6FE4-A041-4806-A328-6823CA9ED554}.Release|x86.ActiveCfg = Release|Any CPU
		{537D6FE4-A041-4806-A328-6823CA9ED554}.Release|x86.Build.0 = Release|Any CPU
		{01FF64E5-8AC0-41A3-B259-A7D809258871}.Debug|Any CPU.ActiveCfg = Debug|Any CPU
		{01FF64E5-8AC0-41A3-B259-A7D809258871}.Debug|Any CPU.Build.0 = Debug|Any CPU
		{01FF64E5-8AC0-41A3-B259-A7D809258871}.Debug|x64.ActiveCfg = Debug|Any CPU
		{01FF64E5-8AC0-41A3-B259-A7D809258871}.Debug|x64.Build.0 = Debug|Any CPU
		{01FF64E5-8AC0-41A3-B259-A7D809258871}.Debug|x86.ActiveCfg = Debug|Any CPU
		{01FF64E5-8AC0-41A3-B259-A7D809258871}.Debug|x86.Build.0 = Debug|Any CPU
		{01FF64E5-8AC0-41A3-B259-A7D809258871}.Release|Any CPU.ActiveCfg = Release|Any CPU
		{01FF64E5-8AC0-41A3-B259-A7D809258871}.Release|Any CPU.Build.0 = Release|Any CPU
		{01FF64E5-8AC0-41A3-B259-A7D809258871}.Release|x64.ActiveCfg = Release|Any CPU
		{01FF64E5-8AC0-41A3-B259-A7D809258871}.Release|x64.Build.0 = Release|Any CPU
		{01FF64E5-8AC0-41A3-B259-A7D809258871}.Release|x86.ActiveCfg = Release|Any CPU
		{01FF64E5-8AC0-41A3-B259-A7D809258871}.Release|x86.Build.0 = Release|Any CPU
	EndGlobalSection
EndGlobal
